// !$*UTF8*$!
{
	archiveVersion = 1;
	classes = {
	};
	objectVersion = 50;
	objects = {

/* Begin PBXBuildFile section */
		33BE457422ACF5BE00AB7A78 /* main.cpp in Sources */ = {isa = PBXBuildFile; fileRef = 33BE457322ACF5BE00AB7A78 /* main.cpp */; };
		33BE459C22AD5B6500AB7A78 /* libfbxsdk.dylib in Frameworks */ = {isa = PBXBuildFile; fileRef = 33BE459422AD112F00AB7A78 /* libfbxsdk.dylib */; };
		33BE459D22AD5B7700AB7A78 /* libfbxsdk.dylib in Frameworks */ = {isa = PBXBuildFile; fileRef = 33BE459622AD114A00AB7A78 /* libfbxsdk.dylib */; };
		33BE45A422AF9E8100AB7A78 /* FBXModel.cpp in Sources */ = {isa = PBXBuildFile; fileRef = 33BE45A222AF9E8100AB7A78 /* FBXModel.cpp */; };
		33BE45AA22AFA66500AB7A78 /* libglfw.3.3.dylib in Frameworks */ = {isa = PBXBuildFile; fileRef = 33BE45A922AFA66500AB7A78 /* libglfw.3.3.dylib */; };
		33BE45C422AFBE4000AB7A78 /* glad.c in Sources */ = {isa = PBXBuildFile; fileRef = 33BE45C322AFBE4000AB7A78 /* glad.c */; };
/* End PBXBuildFile section */

/* Begin PBXCopyFilesBuildPhase section */
		33BE456E22ACF5BE00AB7A78 /* CopyFiles */ = {
			isa = PBXCopyFilesBuildPhase;
			buildActionMask = 2147483647;
			dstPath = /usr/share/man/man1/;
			dstSubfolderSpec = 0;
			files = (
			);
			runOnlyForDeploymentPostprocessing = 1;
		};
/* End PBXCopyFilesBuildPhase section */

/* Begin PBXFileReference section */
		3341728A22BD481D006879FB /* Jumping.fbx */ = {isa = PBXFileReference; lastKnownFileType = file; path = Jumping.fbx; sourceTree = "<group>"; };
		3341728B22BD481D006879FB /* Jumping.fbm */ = {isa = PBXFileReference; lastKnownFileType = folder; path = Jumping.fbm; sourceTree = "<group>"; };
		336D647522B91C5700AB8469 /* ShovedSpin.fbm */ = {isa = PBXFileReference; lastKnownFileType = folder; path = ShovedSpin.fbm; sourceTree = "<group>"; };
		336D647622B91C5700AB8469 /* ShovedSpin.fbx */ = {isa = PBXFileReference; lastKnownFileType = file; path = ShovedSpin.fbx; sourceTree = "<group>"; };
		336D647722B91CCF00AB8469 /* SambaDancing.fbm */ = {isa = PBXFileReference; lastKnownFileType = folder; path = SambaDancing.fbm; sourceTree = "<group>"; };
		336D647822B91CCF00AB8469 /* SambaDancing.fbx */ = {isa = PBXFileReference; lastKnownFileType = file; path = SambaDancing.fbx; sourceTree = "<group>"; };
		336D647922B91E3B00AB8469 /* Capoeira.fbx */ = {isa = PBXFileReference; lastKnownFileType = file; path = Capoeira.fbx; sourceTree = "<group>"; };
		33BE457022ACF5BE00AB7A78 /* FBXLoader */ = {isa = PBXFileReference; explicitFileType = "compiled.mach-o.executable"; includeInIndex = 0; path = FBXLoader; sourceTree = BUILT_PRODUCTS_DIR; };
		33BE457322ACF5BE00AB7A78 /* main.cpp */ = {isa = PBXFileReference; lastKnownFileType = sourcecode.cpp.cpp; path = main.cpp; sourceTree = "<group>"; };
		33BE457B22ACFB7100AB7A78 /* libfbxsdk.dylib */ = {isa = PBXFileReference; lastKnownFileType = "compiled.mach-o.dylib"; name = libfbxsdk.dylib; path = ../../../../Applications/Autodesk/FBXSDK/2019.0/lib/clang/release/libfbxsdk.dylib; sourceTree = "<group>"; };
		33BE457D22ACFE7B00AB7A78 /* libfbxsdk.dylib */ = {isa = PBXFileReference; lastKnownFileType = "compiled.mach-o.dylib"; name = libfbxsdk.dylib; path = ../../../../Applications/Autodesk/FBXSDK/2019.0/lib/clang/libstdcpp/debug/libfbxsdk.dylib; sourceTree = "<group>"; };
		33BE457E22ACFE7B00AB7A78 /* libfbxsdk.a */ = {isa = PBXFileReference; lastKnownFileType = archive.ar; name = libfbxsdk.a; path = ../../../../Applications/Autodesk/FBXSDK/2019.0/lib/clang/libstdcpp/debug/libfbxsdk.a; sourceTree = "<group>"; };
		33BE458122ACFE9100AB7A78 /* libfbxsdk.a */ = {isa = PBXFileReference; lastKnownFileType = archive.ar; name = libfbxsdk.a; path = ../../../../Applications/Autodesk/FBXSDK/2019.0/lib/clang/libstdcpp/release/libfbxsdk.a; sourceTree = "<group>"; };
		33BE458222ACFE9100AB7A78 /* libfbxsdk.dylib */ = {isa = PBXFileReference; lastKnownFileType = "compiled.mach-o.dylib"; name = libfbxsdk.dylib; path = ../../../../Applications/Autodesk/FBXSDK/2019.0/lib/clang/libstdcpp/release/libfbxsdk.dylib; sourceTree = "<group>"; };
		33BE458522ACFEEE00AB7A78 /* libfbxsdk.a */ = {isa = PBXFileReference; lastKnownFileType = archive.ar; name = libfbxsdk.a; path = ../../../../Applications/Autodesk/FBXSDK/2019.0/lib/clang/debug/libfbxsdk.a; sourceTree = "<group>"; };
		33BE458622ACFEEE00AB7A78 /* libfbxsdk.dylib */ = {isa = PBXFileReference; lastKnownFileType = "compiled.mach-o.dylib"; name = libfbxsdk.dylib; path = ../../../../Applications/Autodesk/FBXSDK/2019.0/lib/clang/debug/libfbxsdk.dylib; sourceTree = "<group>"; };
		33BE458E22ACFF0000AB7A78 /* libfbxsdk.a */ = {isa = PBXFileReference; lastKnownFileType = archive.ar; name = libfbxsdk.a; path = ../../../../Applications/Autodesk/FBXSDK/2019.0/lib/clang/release/libfbxsdk.a; sourceTree = "<group>"; };
		33BE459022AD0CEC00AB7A78 /* Autodesk */ = {isa = PBXFileReference; lastKnownFileType = folder; name = Autodesk; path = ../../../../Applications/Autodesk; sourceTree = "<group>"; };
		33BE459422AD112F00AB7A78 /* libfbxsdk.dylib */ = {isa = PBXFileReference; lastKnownFileType = "compiled.mach-o.dylib"; name = libfbxsdk.dylib; path = "../../../../Applications/Autodesk/FBX SDK/2019.2/lib/clang/debug/libfbxsdk.dylib"; sourceTree = "<group>"; };
		33BE459622AD114A00AB7A78 /* libfbxsdk.dylib */ = {isa = PBXFileReference; lastKnownFileType = "compiled.mach-o.dylib"; name = libfbxsdk.dylib; path = "../../../../Applications/Autodesk/FBX SDK/2019.2/lib/clang/release/libfbxsdk.dylib"; sourceTree = "<group>"; };
		33BE459A22AD5B4A00AB7A78 /* Applications */ = {isa = PBXFileReference; lastKnownFileType = folder; name = Applications; path = ../../Applications; sourceTree = "<group>"; };
		33BE45A222AF9E8100AB7A78 /* FBXModel.cpp */ = {isa = PBXFileReference; lastKnownFileType = sourcecode.cpp.cpp; path = FBXModel.cpp; sourceTree = "<group>"; };
		33BE45A322AF9E8100AB7A78 /* FBXModel.h */ = {isa = PBXFileReference; lastKnownFileType = sourcecode.c.h; path = FBXModel.h; sourceTree = "<group>"; };
		33BE45A622AFA5E000AB7A78 /* Camera.h */ = {isa = PBXFileReference; fileEncoding = 4; lastKnownFileType = sourcecode.c.h; path = Camera.h; sourceTree = "<group>"; };
		33BE45A722AFA5E000AB7A78 /* Shader.h */ = {isa = PBXFileReference; fileEncoding = 4; lastKnownFileType = sourcecode.c.h; path = Shader.h; sourceTree = "<group>"; };
		33BE45A922AFA66500AB7A78 /* libglfw.3.3.dylib */ = {isa = PBXFileReference; lastKnownFileType = "compiled.mach-o.dylib"; name = libglfw.3.3.dylib; path = ../../../../usr/local/Cellar/glfw/3.3/lib/libglfw.3.3.dylib; sourceTree = "<group>"; };
		33BE45C322AFBE4000AB7A78 /* glad.c */ = {isa = PBXFileReference; fileEncoding = 4; lastKnownFileType = sourcecode.c.c; path = glad.c; sourceTree = "<group>"; };
		33BE45C522AFBEBC00AB7A78 /* model_loading_fs.txt */ = {isa = PBXFileReference; fileEncoding = 4; lastKnownFileType = text; path = model_loading_fs.txt; sourceTree = "<group>"; };
		33BE45C622AFBEBC00AB7A78 /* model_loading_vs.txt */ = {isa = PBXFileReference; fileEncoding = 4; lastKnownFileType = text; path = model_loading_vs.txt; sourceTree = "<group>"; };
		33BE45C722AFD8BC00AB7A78 /* zombiegirl_TPose.fbx */ = {isa = PBXFileReference; lastKnownFileType = file; path = zombiegirl_TPose.fbx; sourceTree = "<group>"; };
		33BE45C822AFD8BC00AB7A78 /* ZombieGirlWithMotion.fbx */ = {isa = PBXFileReference; lastKnownFileType = file; path = ZombieGirlWithMotion.fbx; sourceTree = "<group>"; };
		33D8D6AF22B53D4900561C50 /* stb_image.h */ = {isa = PBXFileReference; lastKnownFileType = sourcecode.c.h; path = stb_image.h; sourceTree = "<group>"; };
		33D8D6B022B53DA000561C50 /* zombiegirl_TPose.fbm */ = {isa = PBXFileReference; lastKnownFileType = folder; path = zombiegirl_TPose.fbm; sourceTree = "<group>"; };
		33D8D6B122B53DA000561C50 /* Pirate.fbx */ = {isa = PBXFileReference; lastKnownFileType = file; path = Pirate.fbx; sourceTree = "<group>"; };
		33D8D6B222B53DA000561C50 /* Pirate.fbm */ = {isa = PBXFileReference; lastKnownFileType = folder; path = Pirate.fbm; sourceTree = "<group>"; };
/* End PBXFileReference section */

/* Begin PBXFrameworksBuildPhase section */
		33BE456D22ACF5BE00AB7A78 /* Frameworks */ = {
			isa = PBXFrameworksBuildPhase;
			buildActionMask = 2147483647;
			files = (
				33BE45AA22AFA66500AB7A78 /* libglfw.3.3.dylib in Frameworks */,
				33BE459D22AD5B7700AB7A78 /* libfbxsdk.dylib in Frameworks */,
				33BE459C22AD5B6500AB7A78 /* libfbxsdk.dylib in Frameworks */,
			);
			runOnlyForDeploymentPostprocessing = 0;
		};
/* End PBXFrameworksBuildPhase section */

/* Begin PBXGroup section */
		33BE456722ACF5BE00AB7A78 = {
			isa = PBXGroup;
			children = (
				33BE457222ACF5BE00AB7A78 /* FBXLoader */,
				33BE457122ACF5BE00AB7A78 /* Products */,
				33BE457A22ACFB7100AB7A78 /* Frameworks */,
			);
			sourceTree = "<group>";
		};
		33BE457122ACF5BE00AB7A78 /* Products */ = {
			isa = PBXGroup;
			children = (
				33BE457022ACF5BE00AB7A78 /* FBXLoader */,
			);
			name = Products;
			sourceTree = "<group>";
		};
		33BE457222ACF5BE00AB7A78 /* FBXLoader */ = {
			isa = PBXGroup;
			children = (
				3341728B22BD481D006879FB /* Jumping.fbm */,
				3341728A22BD481D006879FB /* Jumping.fbx */,
				336D647922B91E3B00AB8469 /* Capoeira.fbx */,
				336D647722B91CCF00AB8469 /* SambaDancing.fbm */,
				336D647822B91CCF00AB8469 /* SambaDancing.fbx */,
				336D647522B91C5700AB8469 /* ShovedSpin.fbm */,
				336D647622B91C5700AB8469 /* ShovedSpin.fbx */,
				33D8D6B222B53DA000561C50 /* Pirate.fbm */,
				33D8D6B122B53DA000561C50 /* Pirate.fbx */,
				33D8D6B022B53DA000561C50 /* zombiegirl_TPose.fbm */,
				33BE45C722AFD8BC00AB7A78 /* zombiegirl_TPose.fbx */,
				33BE45C822AFD8BC00AB7A78 /* ZombieGirlWithMotion.fbx */,
				33BE45C522AFBEBC00AB7A78 /* model_loading_fs.txt */,
				33BE45C622AFBEBC00AB7A78 /* model_loading_vs.txt */,
				33BE45C322AFBE4000AB7A78 /* glad.c */,
				33BE45A622AFA5E000AB7A78 /* Camera.h */,
				33BE45A722AFA5E000AB7A78 /* Shader.h */,
				33BE457322ACF5BE00AB7A78 /* main.cpp */,
				33BE45A222AF9E8100AB7A78 /* FBXModel.cpp */,
				33BE45A322AF9E8100AB7A78 /* FBXModel.h */,
				33D8D6AF22B53D4900561C50 /* stb_image.h */,
			);
			path = FBXLoader;
			sourceTree = "<group>";
		};
		33BE457A22ACFB7100AB7A78 /* Frameworks */ = {
			isa = PBXGroup;
			children = (
				33BE45A922AFA66500AB7A78 /* libglfw.3.3.dylib */,
				33BE459A22AD5B4A00AB7A78 /* Applications */,
				33BE459422AD112F00AB7A78 /* libfbxsdk.dylib */,
				33BE459622AD114A00AB7A78 /* libfbxsdk.dylib */,
				33BE459022AD0CEC00AB7A78 /* Autodesk */,
				33BE458522ACFEEE00AB7A78 /* libfbxsdk.a */,
				33BE458E22ACFF0000AB7A78 /* libfbxsdk.a */,
				33BE458622ACFEEE00AB7A78 /* libfbxsdk.dylib */,
				33BE458122ACFE9100AB7A78 /* libfbxsdk.a */,
				33BE458222ACFE9100AB7A78 /* libfbxsdk.dylib */,
				33BE457E22ACFE7B00AB7A78 /* libfbxsdk.a */,
				33BE457D22ACFE7B00AB7A78 /* libfbxsdk.dylib */,
				33BE457B22ACFB7100AB7A78 /* libfbxsdk.dylib */,
			);
			name = Frameworks;
			sourceTree = "<group>";
		};
/* End PBXGroup section */

/* Begin PBXNativeTarget section */
		33BE456F22ACF5BE00AB7A78 /* FBXLoader */ = {
			isa = PBXNativeTarget;
			buildConfigurationList = 33BE457722ACF5BE00AB7A78 /* Build configuration list for PBXNativeTarget "FBXLoader" */;
			buildPhases = (
				33BE456C22ACF5BE00AB7A78 /* Sources */,
				33BE456D22ACF5BE00AB7A78 /* Frameworks */,
				33BE456E22ACF5BE00AB7A78 /* CopyFiles */,
			);
			buildRules = (
			);
			dependencies = (
			);
			name = FBXLoader;
			productName = FBXLoader;
			productReference = 33BE457022ACF5BE00AB7A78 /* FBXLoader */;
			productType = "com.apple.product-type.tool";
		};
/* End PBXNativeTarget section */

/* Begin PBXProject section */
		33BE456822ACF5BE00AB7A78 /* Project object */ = {
			isa = PBXProject;
			attributes = {
				LastUpgradeCheck = 1000;
				ORGANIZATIONNAME = "Jeehoon Hyun";
				TargetAttributes = {
					33BE456F22ACF5BE00AB7A78 = {
						CreatedOnToolsVersion = 10.0;
					};
				};
			};
			buildConfigurationList = 33BE456B22ACF5BE00AB7A78 /* Build configuration list for PBXProject "FBXLoader" */;
			compatibilityVersion = "Xcode 9.3";
			developmentRegion = en;
			hasScannedForEncodings = 0;
			knownRegions = (
				en,
			);
			mainGroup = 33BE456722ACF5BE00AB7A78;
			productRefGroup = 33BE457122ACF5BE00AB7A78 /* Products */;
			projectDirPath = "";
			projectRoot = "";
			targets = (
				33BE456F22ACF5BE00AB7A78 /* FBXLoader */,
			);
		};
/* End PBXProject section */

/* Begin PBXSourcesBuildPhase section */
		33BE456C22ACF5BE00AB7A78 /* Sources */ = {
			isa = PBXSourcesBuildPhase;
			buildActionMask = 2147483647;
			files = (
				33BE45A422AF9E8100AB7A78 /* FBXModel.cpp in Sources */,
				33BE457422ACF5BE00AB7A78 /* main.cpp in Sources */,
				33BE45C422AFBE4000AB7A78 /* glad.c in Sources */,
			);
			runOnlyForDeploymentPostprocessing = 0;
		};
/* End PBXSourcesBuildPhase section */

/* Begin XCBuildConfiguration section */
		33BE457522ACF5BE00AB7A78 /* Debug */ = {
			isa = XCBuildConfiguration;
			buildSettings = {
				ALWAYS_SEARCH_USER_PATHS = NO;
				CLANG_ANALYZER_NONNULL = YES;
				CLANG_ANALYZER_NUMBER_OBJECT_CONVERSION = YES_AGGRESSIVE;
				CLANG_CXX_LANGUAGE_STANDARD = "gnu++14";
				CLANG_CXX_LIBRARY = "libc++";
				CLANG_ENABLE_MODULES = YES;
				CLANG_ENABLE_OBJC_ARC = YES;
				CLANG_ENABLE_OBJC_WEAK = YES;
				CLANG_WARN_BLOCK_CAPTURE_AUTORELEASING = YES;
				CLANG_WARN_BOOL_CONVERSION = YES;
				CLANG_WARN_COMMA = YES;
				CLANG_WARN_CONSTANT_CONVERSION = YES;
				CLANG_WARN_DEPRECATED_OBJC_IMPLEMENTATIONS = YES;
				CLANG_WARN_DIRECT_OBJC_ISA_USAGE = YES_ERROR;
				CLANG_WARN_DOCUMENTATION_COMMENTS = YES;
				CLANG_WARN_EMPTY_BODY = YES;
				CLANG_WARN_ENUM_CONVERSION = YES;
				CLANG_WARN_INFINITE_RECURSION = YES;
				CLANG_WARN_INT_CONVERSION = YES;
				CLANG_WARN_NON_LITERAL_NULL_CONVERSION = YES;
				CLANG_WARN_OBJC_IMPLICIT_RETAIN_SELF = YES;
				CLANG_WARN_OBJC_LITERAL_CONVERSION = YES;
				CLANG_WARN_OBJC_ROOT_CLASS = YES_ERROR;
				CLANG_WARN_RANGE_LOOP_ANALYSIS = YES;
				CLANG_WARN_STRICT_PROTOTYPES = YES;
				CLANG_WARN_SUSPICIOUS_MOVE = YES;
				CLANG_WARN_UNGUARDED_AVAILABILITY = YES_AGGRESSIVE;
				CLANG_WARN_UNREACHABLE_CODE = YES;
				CLANG_WARN__DUPLICATE_METHOD_MATCH = YES;
				CODE_SIGN_IDENTITY = "-";
				COPY_PHASE_STRIP = NO;
				DEBUG_INFORMATION_FORMAT = dwarf;
				ENABLE_STRICT_OBJC_MSGSEND = YES;
				ENABLE_TESTABILITY = YES;
				GCC_C_LANGUAGE_STANDARD = gnu11;
				GCC_DYNAMIC_NO_PIC = NO;
				GCC_NO_COMMON_BLOCKS = YES;
				GCC_OPTIMIZATION_LEVEL = 0;
				GCC_PREPROCESSOR_DEFINITIONS = (
					"DEBUG=1",
					"$(inherited)",
				);
				GCC_WARN_64_TO_32_BIT_CONVERSION = YES;
				GCC_WARN_ABOUT_RETURN_TYPE = YES_ERROR;
				GCC_WARN_UNDECLARED_SELECTOR = YES;
				GCC_WARN_UNINITIALIZED_AUTOS = YES_AGGRESSIVE;
				GCC_WARN_UNUSED_FUNCTION = YES;
				GCC_WARN_UNUSED_VARIABLE = YES;
				MACOSX_DEPLOYMENT_TARGET = 10.13;
				MTL_ENABLE_DEBUG_INFO = INCLUDE_SOURCE;
				MTL_FAST_MATH = YES;
				ONLY_ACTIVE_ARCH = YES;
				SDKROOT = macosx;
			};
			name = Debug;
		};
		33BE457622ACF5BE00AB7A78 /* Release */ = {
			isa = XCBuildConfiguration;
			buildSettings = {
				ALWAYS_SEARCH_USER_PATHS = NO;
				CLANG_ANALYZER_NONNULL = YES;
				CLANG_ANALYZER_NUMBER_OBJECT_CONVERSION = YES_AGGRESSIVE;
				CLANG_CXX_LANGUAGE_STANDARD = "gnu++14";
				CLANG_CXX_LIBRARY = "libc++";
				CLANG_ENABLE_MODULES = YES;
				CLANG_ENABLE_OBJC_ARC = YES;
				CLANG_ENABLE_OBJC_WEAK = YES;
				CLANG_WARN_BLOCK_CAPTURE_AUTORELEASING = YES;
				CLANG_WARN_BOOL_CONVERSION = YES;
				CLANG_WARN_COMMA = YES;
				CLANG_WARN_CONSTANT_CONVERSION = YES;
				CLANG_WARN_DEPRECATED_OBJC_IMPLEMENTATIONS = YES;
				CLANG_WARN_DIRECT_OBJC_ISA_USAGE = YES_ERROR;
				CLANG_WARN_DOCUMENTATION_COMMENTS = YES;
				CLANG_WARN_EMPTY_BODY = YES;
				CLANG_WARN_ENUM_CONVERSION = YES;
				CLANG_WARN_INFINITE_RECURSION = YES;
				CLANG_WARN_INT_CONVERSION = YES;
				CLANG_WARN_NON_LITERAL_NULL_CONVERSION = YES;
				CLANG_WARN_OBJC_IMPLICIT_RETAIN_SELF = YES;
				CLANG_WARN_OBJC_LITERAL_CONVERSION = YES;
				CLANG_WARN_OBJC_ROOT_CLASS = YES_ERROR;
				CLANG_WARN_RANGE_LOOP_ANALYSIS = YES;
				CLANG_WARN_STRICT_PROTOTYPES = YES;
				CLANG_WARN_SUSPICIOUS_MOVE = YES;
				CLANG_WARN_UNGUARDED_AVAILABILITY = YES_AGGRESSIVE;
				CLANG_WARN_UNREACHABLE_CODE = YES;
				CLANG_WARN__DUPLICATE_METHOD_MATCH = YES;
				CODE_SIGN_IDENTITY = "-";
				COPY_PHASE_STRIP = NO;
				DEBUG_INFORMATION_FORMAT = "dwarf-with-dsym";
				ENABLE_NS_ASSERTIONS = NO;
				ENABLE_STRICT_OBJC_MSGSEND = YES;
				GCC_C_LANGUAGE_STANDARD = gnu11;
				GCC_NO_COMMON_BLOCKS = YES;
				GCC_WARN_64_TO_32_BIT_CONVERSION = YES;
				GCC_WARN_ABOUT_RETURN_TYPE = YES_ERROR;
				GCC_WARN_UNDECLARED_SELECTOR = YES;
				GCC_WARN_UNINITIALIZED_AUTOS = YES_AGGRESSIVE;
				GCC_WARN_UNUSED_FUNCTION = YES;
				GCC_WARN_UNUSED_VARIABLE = YES;
				MACOSX_DEPLOYMENT_TARGET = 10.13;
				MTL_ENABLE_DEBUG_INFO = NO;
				MTL_FAST_MATH = YES;
				SDKROOT = macosx;
			};
			name = Release;
		};
		33BE457822ACF5BE00AB7A78 /* Debug */ = {
			isa = XCBuildConfiguration;
			buildSettings = {
				CODE_SIGN_STYLE = Automatic;
				HEADER_SEARCH_PATHS = (
					"'/Applications/Autodesk/FBX SDK/2019.2/include'",
					/usr/local/include,
				);
				LIBRARY_SEARCH_PATHS = (
					"'/Applications/Autodesk/FBX SDK/2019.2/lib/clang/debug'",
					"'/Applications/Autodesk/FBX SDK/2019.2/lib/clang/release'",
					/usr/local/Cellar/glfw/3.3/lib,
				);
				PRODUCT_NAME = "$(TARGET_NAME)";
			};
			name = Debug;
		};
		33BE457922ACF5BE00AB7A78 /* Release */ = {
			isa = XCBuildConfiguration;
			buildSettings = {
				CODE_SIGN_STYLE = Automatic;
				HEADER_SEARCH_PATHS = (
					"'/Applications/Autodesk/FBX SDK/2019.2/include'",
					/usr/local/include,
				);
				LIBRARY_SEARCH_PATHS = (
					"'/Applications/Autodesk/FBX SDK/2019.2/lib/clang/debug'",
					"'/Applications/Autodesk/FBX SDK/2019.2/lib/clang/release'",
					/usr/local/Cellar/glfw/3.3/lib,
				);
				PRODUCT_NAME = "$(TARGET_NAME)";
			};
			name = Release;
		};
/* End XCBuildConfiguration section */

/* Begin XCConfigurationList section */
		33BE456B22ACF5BE00AB7A78 /* Build configuration list for PBXProject "FBXLoader" */ = {
			isa = XCConfigurationList;
			buildConfigurations = (
				33BE457522ACF5BE00AB7A78 /* Debug */,
				33BE457622ACF5BE00AB7A78 /* Release */,
			);
			defaultConfigurationIsVisible = 0;
			defaultConfigurationName = Release;
		};
		33BE457722ACF5BE00AB7A78 /* Build configuration list for PBXNativeTarget "FBXLoader" */ = {
			isa = XCConfigurationList;
			buildConfigurations = (
				33BE457822ACF5BE00AB7A78 /* Debug */,
				33BE457922ACF5BE00AB7A78 /* Release */,
			);
			defaultConfigurationIsVisible = 0;
			defaultConfigurationName = Release;
		};
/* End XCConfigurationList section */
	};
	rootObject = 33BE456822ACF5BE00AB7A78 /* Project object */;
}
